
Microsoft Visual Studio Solution File, Format Version 12.00
# Visual Studio 2013
VisualStudioVersion = 12.0.0.0
MinimumVisualStudioVersion = 10.0.0.1
Project("{FAE04EC0-301F-11D3-BF4B-00C04F79EFBC}") = "SemVeyor", "src\SemVeyor\SemVeyor.csproj", "{366D19EC-698A-45E6-B3BD-7A112786253E}"
EndProject
Project("{FAE04EC0-301F-11D3-BF4B-00C04F79EFBC}") = "SemVeyor.Tests", "src\SemVeyor.Tests\SemVeyor.Tests.csproj", "{DC280DF1-66BB-4C69-A0AD-BFB73A214672}"
EndProject
Project("{2150E333-8FDC-42A3-9474-1A3956D46DE8}") = "TestAssemblies", "TestAssemblies", "{0510C3CE-040D-4206-9566-C4526B70F340}"
EndProject
Project("{FAE04EC0-301F-11D3-BF4B-00C04F79EFBC}") = "StandardLibrary", "src\TestAssemblies\StandardLibrary\StandardLibrary.csproj", "{7DAC462B-49F1-4649-BF7B-576F88EE00A6}"
EndProject
Global
	GlobalSection(SolutionConfigurationPlatforms) = preSolution
		Debug|Any CPU = Debug|Any CPU
		Release|Any CPU = Release|Any CPU
	EndGlobalSection
	GlobalSection(ProjectConfigurationPlatforms) = postSolution
		{366D19EC-698A-45E6-B3BD-7A112786253E}.Debug|Any CPU.ActiveCfg = Debug|Any CPU
		{366D19EC-698A-45E6-B3BD-7A112786253E}.Debug|Any CPU.Build.0 = Debug|Any CPU
		{366D19EC-698A-45E6-B3BD-7A112786253E}.Release|Any CPU.ActiveCfg = Release|Any CPU
		{366D19EC-698A-45E6-B3BD-7A112786253E}.Release|Any CPU.Build.0 = Release|Any CPU
		{DC280DF1-66BB-4C69-A0AD-BFB73A214672}.Debug|Any CPU.ActiveCfg = Debug|Any CPU
		{DC280DF1-66BB-4C69-A0AD-BFB73A214672}.Debug|Any CPU.Build.0 = Debug|Any CPU
		{DC280DF1-66BB-4C69-A0AD-BFB73A214672}.Release|Any CPU.ActiveCfg = Release|Any CPU
		{DC280DF1-66BB-4C69-A0AD-BFB73A214672}.Release|Any CPU.Build.0 = Release|Any CPU
		{7DAC462B-49F1-4649-BF7B-576F88EE00A6}.Debug|Any CPU.ActiveCfg = Debug|Any CPU
		{7DAC462B-49F1-4649-BF7B-576F88EE00A6}.Debug|Any CPU.Build.0 = Debug|Any CPU
		{7DAC462B-49F1-4649-BF7B-576F88EE00A6}.Release|Any CPU.ActiveCfg = Release|Any CPU
		{7DAC462B-49F1-4649-BF7B-576F88EE00A6}.Release|Any CPU.Build.0 = Release|Any CPU
	EndGlobalSection
	GlobalSection(SolutionProperties) = preSolution
		HideSolutionNode = FALSE
	EndGlobalSection
	GlobalSection(NestedProjects) = preSolution
		{7DAC462B-49F1-4649-BF7B-576F88EE00A6} = {0510C3CE-040D-4206-9566-C4526B70F340}
	EndGlobalSection
EndGlobal
